// !$*UTF8*$!
{
	archiveVersion = 1;
	classes = {
	};
	objectVersion = 50;
	objects = {

/* Begin PBXBuildFile section */
		AB588153272A839C0063EF5E /* testViewController.swift in Sources */ = {isa = PBXBuildFile; fileRef = AB588152272A839C0063EF5E /* testViewController.swift */; };
		AB588158272A98010063EF5E /* test2ViewController.swift in Sources */ = {isa = PBXBuildFile; fileRef = AB588157272A98010063EF5E /* test2ViewController.swift */; };
		AB58815D272AA2B50063EF5E /* test3ViewController.swift in Sources */ = {isa = PBXBuildFile; fileRef = AB58815C272AA2B50063EF5E /* test3ViewController.swift */; };
		AB58816C272BF4250063EF5E /* UIViewPracticeViewController.swift in Sources */ = {isa = PBXBuildFile; fileRef = AB58816B272BF4250063EF5E /* UIViewPracticeViewController.swift */; };
		AB58818E272BF9D80063EF5E /* CustomView.swift in Sources */ = {isa = PBXBuildFile; fileRef = AB58818D272BF9D80063EF5E /* CustomView.swift */; };
		AB588193272BFA020063EF5E /* CustomView.xib in Resources */ = {isa = PBXBuildFile; fileRef = AB588192272BFA020063EF5E /* CustomView.xib */; };
		AB754A4C2715CF64008A76A2 /* AppDelegate.swift in Sources */ = {isa = PBXBuildFile; fileRef = AB754A4B2715CF64008A76A2 /* AppDelegate.swift */; };
		AB754A4E2715CF64008A76A2 /* SceneDelegate.swift in Sources */ = {isa = PBXBuildFile; fileRef = AB754A4D2715CF64008A76A2 /* SceneDelegate.swift */; };
		AB754A502715CF64008A76A2 /* ViewController.swift in Sources */ = {isa = PBXBuildFile; fileRef = AB754A4F2715CF64008A76A2 /* ViewController.swift */; };
		AB754A532715CF64008A76A2 /* Main.storyboard in Resources */ = {isa = PBXBuildFile; fileRef = AB754A512715CF64008A76A2 /* Main.storyboard */; };
		AB754A552715CF65008A76A2 /* Assets.xcassets in Resources */ = {isa = PBXBuildFile; fileRef = AB754A542715CF65008A76A2 /* Assets.xcassets */; };
		AB754A582715CF65008A76A2 /* LaunchScreen.storyboard in Resources */ = {isa = PBXBuildFile; fileRef = AB754A562715CF65008A76A2 /* LaunchScreen.storyboard */; };
		AB754A632715CF65008A76A2 /* SampleAppTests.swift in Sources */ = {isa = PBXBuildFile; fileRef = AB754A622715CF65008A76A2 /* SampleAppTests.swift */; };
		AB754A6E2715CF65008A76A2 /* SampleAppUITests.swift in Sources */ = {isa = PBXBuildFile; fileRef = AB754A6D2715CF65008A76A2 /* SampleAppUITests.swift */; };
		AB8D3B442716D5C40011B75E /* AddViewController.swift in Sources */ = {isa = PBXBuildFile; fileRef = AB8D3B432716D5C40011B75E /* AddViewController.swift */; };
/* End PBXBuildFile section */

/* Begin PBXContainerItemProxy section */
		AB754A5F2715CF65008A76A2 /* PBXContainerItemProxy */ = {
			isa = PBXContainerItemProxy;
			containerPortal = AB754A402715CF64008A76A2 /* Project object */;
			proxyType = 1;
			remoteGlobalIDString = AB754A472715CF64008A76A2;
			remoteInfo = SampleApp;
		};
		AB754A6A2715CF65008A76A2 /* PBXContainerItemProxy */ = {
			isa = PBXContainerItemProxy;
			containerPortal = AB754A402715CF64008A76A2 /* Project object */;
			proxyType = 1;
			remoteGlobalIDString = AB754A472715CF64008A76A2;
			remoteInfo = SampleApp;
		};
/* End PBXContainerItemProxy section */

/* Begin PBXFileReference section */
		AB588152272A839C0063EF5E /* testViewController.swift */ = {isa = PBXFileReference; lastKnownFileType = sourcecode.swift; path = testViewController.swift; sourceTree = "<group>"; };
		AB588157272A98010063EF5E /* test2ViewController.swift */ = {isa = PBXFileReference; lastKnownFileType = sourcecode.swift; path = test2ViewController.swift; sourceTree = "<group>"; };
		AB58815C272AA2B50063EF5E /* test3ViewController.swift */ = {isa = PBXFileReference; lastKnownFileType = sourcecode.swift; path = test3ViewController.swift; sourceTree = "<group>"; };
		AB58816B272BF4250063EF5E /* UIViewPracticeViewController.swift */ = {isa = PBXFileReference; lastKnownFileType = sourcecode.swift; path = UIViewPracticeViewController.swift; sourceTree = "<group>"; };
		AB58818D272BF9D80063EF5E /* CustomView.swift */ = {isa = PBXFileReference; lastKnownFileType = sourcecode.swift; path = CustomView.swift; sourceTree = "<group>"; };
		AB588192272BFA020063EF5E /* CustomView.xib */ = {isa = PBXFileReference; lastKnownFileType = file.xib; path = CustomView.xib; sourceTree = "<group>"; };
		AB754A482715CF64008A76A2 /* SampleApp.app */ = {isa = PBXFileReference; explicitFileType = wrapper.application; includeInIndex = 0; path = SampleApp.app; sourceTree = BUILT_PRODUCTS_DIR; };
		AB754A4B2715CF64008A76A2 /* AppDelegate.swift */ = {isa = PBXFileReference; lastKnownFileType = sourcecode.swift; path = AppDelegate.swift; sourceTree = "<group>"; };
		AB754A4D2715CF64008A76A2 /* SceneDelegate.swift */ = {isa = PBXFileReference; lastKnownFileType = sourcecode.swift; path = SceneDelegate.swift; sourceTree = "<group>"; };
		AB754A4F2715CF64008A76A2 /* ViewController.swift */ = {isa = PBXFileReference; lastKnownFileType = sourcecode.swift; path = ViewController.swift; sourceTree = "<group>"; };
		AB754A522715CF64008A76A2 /* Base */ = {isa = PBXFileReference; lastKnownFileType = file.storyboard; name = Base; path = Base.lproj/Main.storyboard; sourceTree = "<group>"; };
		AB754A542715CF65008A76A2 /* Assets.xcassets */ = {isa = PBXFileReference; lastKnownFileType = folder.assetcatalog; path = Assets.xcassets; sourceTree = "<group>"; };
		AB754A572715CF65008A76A2 /* Base */ = {isa = PBXFileReference; lastKnownFileType = file.storyboard; name = Base; path = Base.lproj/LaunchScreen.storyboard; sourceTree = "<group>"; };
		AB754A592715CF65008A76A2 /* Info.plist */ = {isa = PBXFileReference; lastKnownFileType = text.plist.xml; path = Info.plist; sourceTree = "<group>"; };
		AB754A5E2715CF65008A76A2 /* SampleAppTests.xctest */ = {isa = PBXFileReference; explicitFileType = wrapper.cfbundle; includeInIndex = 0; path = SampleAppTests.xctest; sourceTree = BUILT_PRODUCTS_DIR; };
		AB754A622715CF65008A76A2 /* SampleAppTests.swift */ = {isa = PBXFileReference; lastKnownFileType = sourcecode.swift; path = SampleAppTests.swift; sourceTree = "<group>"; };
		AB754A642715CF65008A76A2 /* Info.plist */ = {isa = PBXFileReference; lastKnownFileType = text.plist.xml; path = Info.plist; sourceTree = "<group>"; };
		AB754A692715CF65008A76A2 /* SampleAppUITests.xctest */ = {isa = PBXFileReference; explicitFileType = wrapper.cfbundle; includeInIndex = 0; path = SampleAppUITests.xctest; sourceTree = BUILT_PRODUCTS_DIR; };
		AB754A6D2715CF65008A76A2 /* SampleAppUITests.swift */ = {isa = PBXFileReference; lastKnownFileType = sourcecode.swift; path = SampleAppUITests.swift; sourceTree = "<group>"; };
		AB754A6F2715CF65008A76A2 /* Info.plist */ = {isa = PBXFileReference; lastKnownFileType = text.plist.xml; path = Info.plist; sourceTree = "<group>"; };
		AB8D3B432716D5C40011B75E /* AddViewController.swift */ = {isa = PBXFileReference; lastKnownFileType = sourcecode.swift; path = AddViewController.swift; sourceTree = "<group>"; };
/* End PBXFileReference section */

/* Begin PBXFrameworksBuildPhase section */
		AB754A452715CF64008A76A2 /* Frameworks */ = {
			isa = PBXFrameworksBuildPhase;
			buildActionMask = 2147483647;
			files = (
			);
			runOnlyForDeploymentPostprocessing = 0;
		};
		AB754A5B2715CF65008A76A2 /* Frameworks */ = {
			isa = PBXFrameworksBuildPhase;
			buildActionMask = 2147483647;
			files = (
			);
			runOnlyForDeploymentPostprocessing = 0;
		};
		AB754A662715CF65008A76A2 /* Frameworks */ = {
			isa = PBXFrameworksBuildPhase;
			buildActionMask = 2147483647;
			files = (
			);
			runOnlyForDeploymentPostprocessing = 0;
		};
/* End PBXFrameworksBuildPhase section */

/* Begin PBXGroup section */
		AB588175272BF5340063EF5E /* PracticeUIView */ = {
			isa = PBXGroup;
			children = (
				AB58818D272BF9D80063EF5E /* CustomView.swift */,
				AB588192272BFA020063EF5E /* CustomView.xib */,
				AB58816B272BF4250063EF5E /* UIViewPracticeViewController.swift */,
			);
			path = PracticeUIView;
			sourceTree = "<group>";
		};
		AB588176272BF5560063EF5E /* PracticeUIButton */ = {
			isa = PBXGroup;
			children = (
				AB58815C272AA2B50063EF5E /* test3ViewController.swift */,
				AB588157272A98010063EF5E /* test2ViewController.swift */,
				AB588152272A839C0063EF5E /* testViewController.swift */,
			);
			path = PracticeUIButton;
			sourceTree = "<group>";
		};
		AB754A3F2715CF64008A76A2 = {
			isa = PBXGroup;
			children = (
				AB754A4A2715CF64008A76A2 /* SampleApp */,
				AB754A612715CF65008A76A2 /* SampleAppTests */,
				AB754A6C2715CF65008A76A2 /* SampleAppUITests */,
				AB754A492715CF64008A76A2 /* Products */,
			);
			sourceTree = "<group>";
		};
		AB754A492715CF64008A76A2 /* Products */ = {
			isa = PBXGroup;
			children = (
				AB754A482715CF64008A76A2 /* SampleApp.app */,
				AB754A5E2715CF65008A76A2 /* SampleAppTests.xctest */,
				AB754A692715CF65008A76A2 /* SampleAppUITests.xctest */,
			);
			name = Products;
			sourceTree = "<group>";
		};
		AB754A4A2715CF64008A76A2 /* SampleApp */ = {
			isa = PBXGroup;
			children = (
				AB588176272BF5560063EF5E /* PracticeUIButton */,
				AB588175272BF5340063EF5E /* PracticeUIView */,
				AB754A4B2715CF64008A76A2 /* AppDelegate.swift */,
				AB754A4D2715CF64008A76A2 /* SceneDelegate.swift */,
				AB754A4F2715CF64008A76A2 /* ViewController.swift */,
				AB754A512715CF64008A76A2 /* Main.storyboard */,
				AB8D3B432716D5C40011B75E /* AddViewController.swift */,
				AB754A542715CF65008A76A2 /* Assets.xcassets */,
				AB754A562715CF65008A76A2 /* LaunchScreen.storyboard */,
				AB754A592715CF65008A76A2 /* Info.plist */,
			);
			path = SampleApp;
			sourceTree = "<group>";
		};
		AB754A612715CF65008A76A2 /* SampleAppTests */ = {
			isa = PBXGroup;
			children = (
				AB754A622715CF65008A76A2 /* SampleAppTests.swift */,
				AB754A642715CF65008A76A2 /* Info.plist */,
			);
			path = SampleAppTests;
			sourceTree = "<group>";
		};
		AB754A6C2715CF65008A76A2 /* SampleAppUITests */ = {
			isa = PBXGroup;
			children = (
				AB754A6D2715CF65008A76A2 /* SampleAppUITests.swift */,
				AB754A6F2715CF65008A76A2 /* Info.plist */,
			);
			path = SampleAppUITests;
			sourceTree = "<group>";
		};
/* End PBXGroup section */

/* Begin PBXNativeTarget section */
		AB754A472715CF64008A76A2 /* SampleApp */ = {
			isa = PBXNativeTarget;
			buildConfigurationList = AB754A722715CF65008A76A2 /* Build configuration list for PBXNativeTarget "SampleApp" */;
			buildPhases = (
				AB754A442715CF64008A76A2 /* Sources */,
				AB754A452715CF64008A76A2 /* Frameworks */,
				AB754A462715CF64008A76A2 /* Resources */,
			);
			buildRules = (
			);
			dependencies = (
			);
			name = SampleApp;
			productName = SampleApp;
			productReference = AB754A482715CF64008A76A2 /* SampleApp.app */;
			productType = "com.apple.product-type.application";
		};
		AB754A5D2715CF65008A76A2 /* SampleAppTests */ = {
			isa = PBXNativeTarget;
			buildConfigurationList = AB754A752715CF65008A76A2 /* Build configuration list for PBXNativeTarget "SampleAppTests" */;
			buildPhases = (
				AB754A5A2715CF65008A76A2 /* Sources */,
				AB754A5B2715CF65008A76A2 /* Frameworks */,
				AB754A5C2715CF65008A76A2 /* Resources */,
			);
			buildRules = (
			);
			dependencies = (
				AB754A602715CF65008A76A2 /* PBXTargetDependency */,
			);
			name = SampleAppTests;
			productName = SampleAppTests;
			productReference = AB754A5E2715CF65008A76A2 /* SampleAppTests.xctest */;
			productType = "com.apple.product-type.bundle.unit-test";
		};
		AB754A682715CF65008A76A2 /* SampleAppUITests */ = {
			isa = PBXNativeTarget;
			buildConfigurationList = AB754A782715CF65008A76A2 /* Build configuration list for PBXNativeTarget "SampleAppUITests" */;
			buildPhases = (
				AB754A652715CF65008A76A2 /* Sources */,
				AB754A662715CF65008A76A2 /* Frameworks */,
				AB754A672715CF65008A76A2 /* Resources */,
			);
			buildRules = (
			);
			dependencies = (
				AB754A6B2715CF65008A76A2 /* PBXTargetDependency */,
			);
			name = SampleAppUITests;
			productName = SampleAppUITests;
			productReference = AB754A692715CF65008A76A2 /* SampleAppUITests.xctest */;
			productType = "com.apple.product-type.bundle.ui-testing";
		};
/* End PBXNativeTarget section */

/* Begin PBXProject section */
		AB754A402715CF64008A76A2 /* Project object */ = {
			isa = PBXProject;
			attributes = {
				LastSwiftUpdateCheck = 1230;
				LastUpgradeCheck = 1230;
				TargetAttributes = {
					AB754A472715CF64008A76A2 = {
						CreatedOnToolsVersion = 12.3;
					};
					AB754A5D2715CF65008A76A2 = {
						CreatedOnToolsVersion = 12.3;
						TestTargetID = AB754A472715CF64008A76A2;
					};
					AB754A682715CF65008A76A2 = {
						CreatedOnToolsVersion = 12.3;
						TestTargetID = AB754A472715CF64008A76A2;
					};
				};
			};
			buildConfigurationList = AB754A432715CF64008A76A2 /* Build configuration list for PBXProject "SampleApp" */;
			compatibilityVersion = "Xcode 9.3";
			developmentRegion = en;
			hasScannedForEncodings = 0;
			knownRegions = (
				en,
				Base,
			);
			mainGroup = AB754A3F2715CF64008A76A2;
			productRefGroup = AB754A492715CF64008A76A2 /* Products */;
			projectDirPath = "";
			projectRoot = "";
			targets = (
				AB754A472715CF64008A76A2 /* SampleApp */,
				AB754A5D2715CF65008A76A2 /* SampleAppTests */,
				AB754A682715CF65008A76A2 /* SampleAppUITests */,
			);
		};
/* End PBXProject section */

/* Begin PBXResourcesBuildPhase section */
		AB754A462715CF64008A76A2 /* Resources */ = {
			isa = PBXResourcesBuildPhase;
			buildActionMask = 2147483647;
			files = (
				AB754A582715CF65008A76A2 /* LaunchScreen.storyboard in Resources */,
				AB588193272BFA020063EF5E /* CustomView.xib in Resources */,
				AB754A552715CF65008A76A2 /* Assets.xcassets in Resources */,
				AB754A532715CF64008A76A2 /* Main.storyboard in Resources */,
			);
			runOnlyForDeploymentPostprocessing = 0;
		};
		AB754A5C2715CF65008A76A2 /* Resources */ = {
			isa = PBXResourcesBuildPhase;
			buildActionMask = 2147483647;
			files = (
			);
			runOnlyForDeploymentPostprocessing = 0;
		};
		AB754A672715CF65008A76A2 /* Resources */ = {
			isa = PBXResourcesBuildPhase;
			buildActionMask = 2147483647;
			files = (
			);
			runOnlyForDeploymentPostprocessing = 0;
		};
/* End PBXResourcesBuildPhase section */

/* Begin PBXSourcesBuildPhase section */
		AB754A442715CF64008A76A2 /* Sources */ = {
			isa = PBXSourcesBuildPhase;
			buildActionMask = 2147483647;
			files = (
				AB58816C272BF4250063EF5E /* UIViewPracticeViewController.swift in Sources */,
				AB754A502715CF64008A76A2 /* ViewController.swift in Sources */,
				AB58815D272AA2B50063EF5E /* test3ViewController.swift in Sources */,
				AB58818E272BF9D80063EF5E /* CustomView.swift in Sources */,
				AB754A4C2715CF64008A76A2 /* AppDelegate.swift in Sources */,
				AB8D3B442716D5C40011B75E /* AddViewController.swift in Sources */,
				AB588158272A98010063EF5E /* test2ViewController.swift in Sources */,
				AB588153272A839C0063EF5E /* testViewController.swift in Sources */,
				AB754A4E2715CF64008A76A2 /* SceneDelegate.swift in Sources */,
			);
			runOnlyForDeploymentPostprocessing = 0;
		};
		AB754A5A2715CF65008A76A2 /* Sources */ = {
			isa = PBXSourcesBuildPhase;
			buildActionMask = 2147483647;
			files = (
				AB754A632715CF65008A76A2 /* SampleAppTests.swift in Sources */,
			);
			runOnlyForDeploymentPostprocessing = 0;
		};
		AB754A652715CF65008A76A2 /* Sources */ = {
			isa = PBXSourcesBuildPhase;
			buildActionMask = 2147483647;
			files = (
				AB754A6E2715CF65008A76A2 /* SampleAppUITests.swift in Sources */,
			);
			runOnlyForDeploymentPostprocessing = 0;
		};
/* End PBXSourcesBuildPhase section */

/* Begin PBXTargetDependency section */
		AB754A602715CF65008A76A2 /* PBXTargetDependency */ = {
			isa = PBXTargetDependency;
			target = AB754A472715CF64008A76A2 /* SampleApp */;
			targetProxy = AB754A5F2715CF65008A76A2 /* PBXContainerItemProxy */;
		};
		AB754A6B2715CF65008A76A2 /* PBXTargetDependency */ = {
			isa = PBXTargetDependency;
			target = AB754A472715CF64008A76A2 /* SampleApp */;
			targetProxy = AB754A6A2715CF65008A76A2 /* PBXContainerItemProxy */;
		};
/* End PBXTargetDependency section */

/* Begin PBXVariantGroup section */
		AB754A512715CF64008A76A2 /* Main.storyboard */ = {
			isa = PBXVariantGroup;
			children = (
				AB754A522715CF64008A76A2 /* Base */,
			);
			name = Main.storyboard;
			sourceTree = "<group>";
		};
		AB754A562715CF65008A76A2 /* LaunchScreen.storyboard */ = {
			isa = PBXVariantGroup;
			children = (
				AB754A572715CF65008A76A2 /* Base */,
			);
			name = LaunchScreen.storyboard;
			sourceTree = "<group>";
		};
/* End PBXVariantGroup section */

/* Begin XCBuildConfiguration section */
		AB754A702715CF65008A76A2 /* Debug */ = {
			isa = XCBuildConfiguration;
			buildSettings = {
				ALWAYS_SEARCH_USER_PATHS = NO;
				CLANG_ANALYZER_NONNULL = YES;
				CLANG_ANALYZER_NUMBER_OBJECT_CONVERSION = YES_AGGRESSIVE;
				CLANG_CXX_LANGUAGE_STANDARD = "gnu++14";
				CLANG_CXX_LIBRARY = "libc++";
				CLANG_ENABLE_MODULES = YES;
				CLANG_ENABLE_OBJC_ARC = YES;
				CLANG_ENABLE_OBJC_WEAK = YES;
				CLANG_WARN_BLOCK_CAPTURE_AUTORELEASING = YES;
				CLANG_WARN_BOOL_CONVERSION = YES;
				CLANG_WARN_COMMA = YES;
				CLANG_WARN_CONSTANT_CONVERSION = YES;
				CLANG_WARN_DEPRECATED_OBJC_IMPLEMENTATIONS = YES;
				CLANG_WARN_DIRECT_OBJC_ISA_USAGE = YES_ERROR;
				CLANG_WARN_DOCUMENTATION_COMMENTS = YES;
				CLANG_WARN_EMPTY_BODY = YES;
				CLANG_WARN_ENUM_CONVERSION = YES;
				CLANG_WARN_INFINITE_RECURSION = YES;
				CLANG_WARN_INT_CONVERSION = YES;
				CLANG_WARN_NON_LITERAL_NULL_CONVERSION = YES;
				CLANG_WARN_OBJC_IMPLICIT_RETAIN_SELF = YES;
				CLANG_WARN_OBJC_LITERAL_CONVERSION = YES;
				CLANG_WARN_OBJC_ROOT_CLASS = YES_ERROR;
				CLANG_WARN_QUOTED_INCLUDE_IN_FRAMEWORK_HEADER = YES;
				CLANG_WARN_RANGE_LOOP_ANALYSIS = YES;
				CLANG_WARN_STRICT_PROTOTYPES = YES;
				CLANG_WARN_SUSPICIOUS_MOVE = YES;
				CLANG_WARN_UNGUARDED_AVAILABILITY = YES_AGGRESSIVE;
				CLANG_WARN_UNREACHABLE_CODE = YES;
				CLANG_WARN__DUPLICATE_METHOD_MATCH = YES;
				COPY_PHASE_STRIP = NO;
				DEBUG_INFORMATION_FORMAT = dwarf;
				ENABLE_STRICT_OBJC_MSGSEND = YES;
				ENABLE_TESTABILITY = YES;
				GCC_C_LANGUAGE_STANDARD = gnu11;
				GCC_DYNAMIC_NO_PIC = NO;
				GCC_NO_COMMON_BLOCKS = YES;
				GCC_OPTIMIZATION_LEVEL = 0;
				GCC_PREPROCESSOR_DEFINITIONS = (
					"DEBUG=1",
					"$(inherited)",
				);
				GCC_WARN_64_TO_32_BIT_CONVERSION = YES;
				GCC_WARN_ABOUT_RETURN_TYPE = YES_ERROR;
				GCC_WARN_UNDECLARED_SELECTOR = YES;
				GCC_WARN_UNINITIALIZED_AUTOS = YES_AGGRESSIVE;
				GCC_WARN_UNUSED_FUNCTION = YES;
				GCC_WARN_UNUSED_VARIABLE = YES;
				IPHONEOS_DEPLOYMENT_TARGET = 14.3;
				MTL_ENABLE_DEBUG_INFO = INCLUDE_SOURCE;
				MTL_FAST_MATH = YES;
				ONLY_ACTIVE_ARCH = YES;
				SDKROOT = iphoneos;
				SWIFT_ACTIVE_COMPILATION_CONDITIONS = DEBUG;
				SWIFT_OPTIMIZATION_LEVEL = "-Onone";
			};
			name = Debug;
		};
		AB754A712715CF65008A76A2 /* Release */ = {
			isa = XCBuildConfiguration;
			buildSettings = {
				ALWAYS_SEARCH_USER_PATHS = NO;
				CLANG_ANALYZER_NONNULL = YES;
				CLANG_ANALYZER_NUMBER_OBJECT_CONVERSION = YES_AGGRESSIVE;
				CLANG_CXX_LANGUAGE_STANDARD = "gnu++14";
				CLANG_CXX_LIBRARY = "libc++";
				CLANG_ENABLE_MODULES = YES;
				CLANG_ENABLE_OBJC_ARC = YES;
				CLANG_ENABLE_OBJC_WEAK = YES;
				CLANG_WARN_BLOCK_CAPTURE_AUTORELEASING = YES;
				CLANG_WARN_BOOL_CONVERSION = YES;
				CLANG_WARN_COMMA = YES;
				CLANG_WARN_CONSTANT_CONVERSION = YES;
				CLANG_WARN_DEPRECATED_OBJC_IMPLEMENTATIONS = YES;
				CLANG_WARN_DIRECT_OBJC_ISA_USAGE = YES_ERROR;
				CLANG_WARN_DOCUMENTATION_COMMENTS = YES;
				CLANG_WARN_EMPTY_BODY = YES;
				CLANG_WARN_ENUM_CONVERSION = YES;
				CLANG_WARN_INFINITE_RECURSION = YES;
				CLANG_WARN_INT_CONVERSION = YES;
				CLANG_WARN_NON_LITERAL_NULL_CONVERSION = YES;
				CLANG_WARN_OBJC_IMPLICIT_RETAIN_SELF = YES;
				CLANG_WARN_OBJC_LITERAL_CONVERSION = YES;
				CLANG_WARN_OBJC_ROOT_CLASS = YES_ERROR;
				CLANG_WARN_QUOTED_INCLUDE_IN_FRAMEWORK_HEADER = YES;
				CLANG_WARN_RANGE_LOOP_ANALYSIS = YES;
				CLANG_WARN_STRICT_PROTOTYPES = YES;
				CLANG_WARN_SUSPICIOUS_MOVE = YES;
				CLANG_WARN_UNGUARDED_AVAILABILITY = YES_AGGRESSIVE;
				CLANG_WARN_UNREACHABLE_CODE = YES;
				CLANG_WARN__DUPLICATE_METHOD_MATCH = YES;
				COPY_PHASE_STRIP = NO;
				DEBUG_INFORMATION_FORMAT = "dwarf-with-dsym";
				ENABLE_NS_ASSERTIONS = NO;
				ENABLE_STRICT_OBJC_MSGSEND = YES;
				GCC_C_LANGUAGE_STANDARD = gnu11;
				GCC_NO_COMMON_BLOCKS = YES;
				GCC_WARN_64_TO_32_BIT_CONVERSION = YES;
				GCC_WARN_ABOUT_RETURN_TYPE = YES_ERROR;
				GCC_WARN_UNDECLARED_SELECTOR = YES;
				GCC_WARN_UNINITIALIZED_AUTOS = YES_AGGRESSIVE;
				GCC_WARN_UNUSED_FUNCTION = YES;
				GCC_WARN_UNUSED_VARIABLE = YES;
				IPHONEOS_DEPLOYMENT_TARGET = 14.3;
				MTL_ENABLE_DEBUG_INFO = NO;
				MTL_FAST_MATH = YES;
				SDKROOT = iphoneos;
				SWIFT_COMPILATION_MODE = wholemodule;
				SWIFT_OPTIMIZATION_LEVEL = "-O";
				VALIDATE_PRODUCT = YES;
			};
			name = Release;
		};
		AB754A732715CF65008A76A2 /* Debug */ = {
			isa = XCBuildConfiguration;
			buildSettings = {
				ASSETCATALOG_COMPILER_APPICON_NAME = AppIcon;
				ASSETCATALOG_COMPILER_GLOBAL_ACCENT_COLOR_NAME = AccentColor;
				CODE_SIGN_STYLE = Automatic;
				DEVELOPMENT_TEAM = 9XQDU5W2WL;
				INFOPLIST_FILE = SampleApp/Info.plist;
				LD_RUNPATH_SEARCH_PATHS = (
					"$(inherited)",
					"@executable_path/Frameworks",
				);
				PRODUCT_BUNDLE_IDENTIFIER = com.koyabe.SampleApp;
				PRODUCT_NAME = "$(TARGET_NAME)";
				SWIFT_VERSION = 5.0;
				TARGETED_DEVICE_FAMILY = "1,2";
			};
			name = Debug;
		};
		AB754A742715CF65008A76A2 /* Release */ = {
			isa = XCBuildConfiguration;
			buildSettings = {
				ASSETCATALOG_COMPILER_APPICON_NAME = AppIcon;
				ASSETCATALOG_COMPILER_GLOBAL_ACCENT_COLOR_NAME = AccentColor;
				CODE_SIGN_STYLE = Automatic;
				DEVELOPMENT_TEAM = 9XQDU5W2WL;
				INFOPLIST_FILE = SampleApp/Info.plist;
				LD_RUNPATH_SEARCH_PATHS = (
					"$(inherited)",
					"@executable_path/Frameworks",
				);
				PRODUCT_BUNDLE_IDENTIFIER = com.koyabe.SampleApp;
				PRODUCT_NAME = "$(TARGET_NAME)";
				SWIFT_VERSION = 5.0;
				TARGETED_DEVICE_FAMILY = "1,2";
			};
			name = Release;
		};
		AB754A762715CF65008A76A2 /* Debug */ = {
			isa = XCBuildConfiguration;
			buildSettings = {
				ALWAYS_EMBED_SWIFT_STANDARD_LIBRARIES = YES;
				BUNDLE_LOADER = "$(TEST_HOST)";
				CODE_SIGN_STYLE = Automatic;
				DEVELOPMENT_TEAM = 9XQDU5W2WL;
				INFOPLIST_FILE = SampleAppTests/Info.plist;
				IPHONEOS_DEPLOYMENT_TARGET = 14.3;
				LD_RUNPATH_SEARCH_PATHS = (
					"$(inherited)",
					"@executable_path/Frameworks",
					"@loader_path/Frameworks",
				);
				PRODUCT_BUNDLE_IDENTIFIER = com.koyabe.SampleAppTests;
				PRODUCT_NAME = "$(TARGET_NAME)";
				SWIFT_VERSION = 5.0;
				TARGETED_DEVICE_FAMILY = "1,2";
				TEST_HOST = "$(BUILT_PRODUCTS_DIR)/SampleApp.app/SampleApp";
			};
			name = Debug;
		};
		AB754A772715CF65008A76A2 /* Release */ = {
			isa = XCBuildConfiguration;
			buildSettings = {
				ALWAYS_EMBED_SWIFT_STANDARD_LIBRARIES = YES;
				BUNDLE_LOADER = "$(TEST_HOST)";
				CODE_SIGN_STYLE = Automatic;
				DEVELOPMENT_TEAM = 9XQDU5W2WL;
				INFOPLIST_FILE = SampleAppTests/Info.plist;
				IPHONEOS_DEPLOYMENT_TARGET = 14.3;
				LD_RUNPATH_SEARCH_PATHS = (
					"$(inherited)",
					"@executable_path/Frameworks",
					"@loader_path/Frameworks",
				);
				PRODUCT_BUNDLE_IDENTIFIER = com.koyabe.SampleAppTests;
				PRODUCT_NAME = "$(TARGET_NAME)";
				SWIFT_VERSION = 5.0;
				TARGETED_DEVICE_FAMILY = "1,2";
				TEST_HOST = "$(BUILT_PRODUCTS_DIR)/SampleApp.app/SampleApp";
			};
			name = Release;
		};
		AB754A792715CF65008A76A2 /* Debug */ = {
			isa = XCBuildConfiguration;
			buildSettings = {
				ALWAYS_EMBED_SWIFT_STANDARD_LIBRARIES = YES;
				CODE_SIGN_STYLE = Automatic;
				DEVELOPMENT_TEAM = 9XQDU5W2WL;
				INFOPLIST_FILE = SampleAppUITests/Info.plist;
				LD_RUNPATH_SEARCH_PATHS = (
					"$(inherited)",
					"@executable_path/Frameworks",
					"@loader_path/Frameworks",
				);
				PRODUCT_BUNDLE_IDENTIFIER = com.koyabe.SampleAppUITests;
				PRODUCT_NAME = "$(TARGET_NAME)";
				SWIFT_VERSION = 5.0;
				TARGETED_DEVICE_FAMILY = "1,2";
				TEST_TARGET_NAME = SampleApp;
			};
			name = Debug;
		};
		AB754A7A2715CF65008A76A2 /* Release */ = {
			isa = XCBuildConfiguration;
			buildSettings = {
				ALWAYS_EMBED_SWIFT_STANDARD_LIBRARIES = YES;
				CODE_SIGN_STYLE = Automatic;
				DEVELOPMENT_TEAM = 9XQDU5W2WL;
				INFOPLIST_FILE = SampleAppUITests/Info.plist;
				LD_RUNPATH_SEARCH_PATHS = (
					"$(inherited)",
					"@executable_path/Frameworks",
					"@loader_path/Frameworks",
				);
				PRODUCT_BUNDLE_IDENTIFIER = com.koyabe.SampleAppUITests;
				PRODUCT_NAME = "$(TARGET_NAME)";
				SWIFT_VERSION = 5.0;
				TARGETED_DEVICE_FAMILY = "1,2";
				TEST_TARGET_NAME = SampleApp;
			};
			name = Release;
		};
/* End XCBuildConfiguration section */

/* Begin XCConfigurationList section */
		AB754A432715CF64008A76A2 /* Build configuration list for PBXProject "SampleApp" */ = {
			isa = XCConfigurationList;
			buildConfigurations = (
				AB754A702715CF65008A76A2 /* Debug */,
				AB754A712715CF65008A76A2 /* Release */,
			);
			defaultConfigurationIsVisible = 0;
			defaultConfigurationName = Release;
		};
		AB754A722715CF65008A76A2 /* Build configuration list for PBXNativeTarget "SampleApp" */ = {
			isa = XCConfigurationList;
			buildConfigurations = (
				AB754A732715CF65008A76A2 /* Debug */,
				AB754A742715CF65008A76A2 /* Release */,
			);
			defaultConfigurationIsVisible = 0;
			defaultConfigurationName = Release;
		};
		AB754A752715CF65008A76A2 /* Build configuration list for PBXNativeTarget "SampleAppTests" */ = {
			isa = XCConfigurationList;
			buildConfigurations = (
				AB754A762715CF65008A76A2 /* Debug */,
				AB754A772715CF65008A76A2 /* Release */,
			);
			defaultConfigurationIsVisible = 0;
			defaultConfigurationName = Release;
		};
		AB754A782715CF65008A76A2 /* Build configuration list for PBXNativeTarget "SampleAppUITests" */ = {
			isa = XCConfigurationList;
			buildConfigurations = (
				AB754A792715CF65008A76A2 /* Debug */,
				AB754A7A2715CF65008A76A2 /* Release */,
			);
			defaultConfigurationIsVisible = 0;
			defaultConfigurationName = Release;
		};
/* End XCConfigurationList section */
	};
	rootObject = AB754A402715CF64008A76A2 /* Project object */;
}
